// !$*UTF8*$!
{
	archiveVersion = 1;
	classes = {
	};
	objectVersion = 55;
	objects = {

/* Begin PBXBuildFile section */
		BB7D4271276750F100988A6C /* Pods_CameraDolly.framework in Frameworks */ = {isa = PBXBuildFile; fileRef = 92DFBD318A97EB5A544A13A7 /* Pods_CameraDolly.framework */; };
		BB7D4272276750F100988A6C /* Pods_CameraDolly.framework in Embed Frameworks */ = {isa = PBXBuildFile; fileRef = 92DFBD318A97EB5A544A13A7 /* Pods_CameraDolly.framework */; settings = {ATTRIBUTES = (CodeSignOnCopy, RemoveHeadersOnCopy, ); }; };
		BB9CA0B42767315000733E1F /* CameraDollyApp.swift in Sources */ = {isa = PBXBuildFile; fileRef = BB9CA0B32767315000733E1F /* CameraDollyApp.swift */; };
		BB9CA0B62767315000733E1F /* ContentView.swift in Sources */ = {isa = PBXBuildFile; fileRef = BB9CA0B52767315000733E1F /* ContentView.swift */; };
		BB9CA0B82767315200733E1F /* Assets.xcassets in Resources */ = {isa = PBXBuildFile; fileRef = BB9CA0B72767315200733E1F /* Assets.xcassets */; };
		BB9CA0BB2767315200733E1F /* Preview Assets.xcassets in Resources */ = {isa = PBXBuildFile; fileRef = BB9CA0BA2767315200733E1F /* Preview Assets.xcassets */; };
		BB9CA0C52767315200733E1F /* CameraDollyTests.swift in Sources */ = {isa = PBXBuildFile; fileRef = BB9CA0C42767315200733E1F /* CameraDollyTests.swift */; };
		BB9CA0CF2767315200733E1F /* CameraDollyUITests.swift in Sources */ = {isa = PBXBuildFile; fileRef = BB9CA0CE2767315200733E1F /* CameraDollyUITests.swift */; };
		BB9CA0D12767315200733E1F /* CameraDollyUITestsLaunchTests.swift in Sources */ = {isa = PBXBuildFile; fileRef = BB9CA0D02767315200733E1F /* CameraDollyUITestsLaunchTests.swift */; };
		BB9CA0DE276732A200733E1F /* MainView.swift in Sources */ = {isa = PBXBuildFile; fileRef = BB9CA0DD276732A200733E1F /* MainView.swift */; };
		BB9CA0E02767332900733E1F /* SettingsView.swift in Sources */ = {isa = PBXBuildFile; fileRef = BB9CA0DF2767332900733E1F /* SettingsView.swift */; };
		BB9CA0E22767348400733E1F /* CameraView.swift in Sources */ = {isa = PBXBuildFile; fileRef = BB9CA0E12767348400733E1F /* CameraView.swift */; };
		BB9CA0E427674D7F00733E1F /* MessageBroker.swift in Sources */ = {isa = PBXBuildFile; fileRef = BB9CA0E327674D7F00733E1F /* MessageBroker.swift */; };
/* End PBXBuildFile section */

/* Begin PBXContainerItemProxy section */
		BB7D426B2767500900988A6C /* PBXContainerItemProxy */ = {
			isa = PBXContainerItemProxy;
			containerPortal = BB7D42652767500900988A6C /* Pods.xcodeproj */;
			proxyType = 2;
			remoteGlobalIDString = 6CBEFE4F9E22AFDC6347A739BB35FF8C;
			remoteInfo = CocoaAsyncSocket;
		};
		BB7D426D2767500900988A6C /* PBXContainerItemProxy */ = {
			isa = PBXContainerItemProxy;
			containerPortal = BB7D42652767500900988A6C /* Pods.xcodeproj */;
			proxyType = 2;
			remoteGlobalIDString = E6A4E1627379D6540B81A470C575D716;
			remoteInfo = CocoaMQTT;
		};
		BB7D426F2767500900988A6C /* PBXContainerItemProxy */ = {
			isa = PBXContainerItemProxy;
			containerPortal = BB7D42652767500900988A6C /* Pods.xcodeproj */;
			proxyType = 2;
			remoteGlobalIDString = 3B74C50A45E4BCF4475CB40421F52CD8;
			remoteInfo = "Pods-CameraDolly";
		};
		BB9CA0C12767315200733E1F /* PBXContainerItemProxy */ = {
			isa = PBXContainerItemProxy;
			containerPortal = BB9CA0A82767314F00733E1F /* Project object */;
			proxyType = 1;
			remoteGlobalIDString = BB9CA0AF2767314F00733E1F;
			remoteInfo = CameraDolly;
		};
		BB9CA0CB2767315200733E1F /* PBXContainerItemProxy */ = {
			isa = PBXContainerItemProxy;
			containerPortal = BB9CA0A82767314F00733E1F /* Project object */;
			proxyType = 1;
			remoteGlobalIDString = BB9CA0AF2767314F00733E1F;
			remoteInfo = CameraDolly;
		};
/* End PBXContainerItemProxy section */

/* Begin PBXCopyFilesBuildPhase section */
		BB7D4273276750F100988A6C /* Embed Frameworks */ = {
			isa = PBXCopyFilesBuildPhase;
			buildActionMask = 2147483647;
			dstPath = "";
			dstSubfolderSpec = 10;
			files = (
				BB7D4272276750F100988A6C /* Pods_CameraDolly.framework in Embed Frameworks */,
			);
			name = "Embed Frameworks";
			runOnlyForDeploymentPostprocessing = 0;
		};
/* End PBXCopyFilesBuildPhase section */

/* Begin PBXFileReference section */
		12F122AC835C3E3D91570203 /* Pods-CameraDolly.debug.xcconfig */ = {isa = PBXFileReference; includeInIndex = 1; lastKnownFileType = text.xcconfig; name = "Pods-CameraDolly.debug.xcconfig"; path = "Target Support Files/Pods-CameraDolly/Pods-CameraDolly.debug.xcconfig"; sourceTree = "<group>"; };
		709695FCB8ED569022AC4EB2 /* Pods-CameraDolly.release.xcconfig */ = {isa = PBXFileReference; includeInIndex = 1; lastKnownFileType = text.xcconfig; name = "Pods-CameraDolly.release.xcconfig"; path = "Target Support Files/Pods-CameraDolly/Pods-CameraDolly.release.xcconfig"; sourceTree = "<group>"; };
		92DFBD318A97EB5A544A13A7 /* Pods_CameraDolly.framework */ = {isa = PBXFileReference; explicitFileType = wrapper.framework; includeInIndex = 0; path = Pods_CameraDolly.framework; sourceTree = BUILT_PRODUCTS_DIR; };
		BB7D42652767500900988A6C /* Pods.xcodeproj */ = {isa = PBXFileReference; lastKnownFileType = "wrapper.pb-project"; name = Pods.xcodeproj; path = Pods/Pods.xcodeproj; sourceTree = "<group>"; };
		BB9CA0B02767315000733E1F /* CameraDolly.app */ = {isa = PBXFileReference; explicitFileType = wrapper.application; includeInIndex = 0; path = CameraDolly.app; sourceTree = BUILT_PRODUCTS_DIR; };
		BB9CA0B32767315000733E1F /* CameraDollyApp.swift */ = {isa = PBXFileReference; lastKnownFileType = sourcecode.swift; path = CameraDollyApp.swift; sourceTree = "<group>"; };
		BB9CA0B52767315000733E1F /* ContentView.swift */ = {isa = PBXFileReference; lastKnownFileType = sourcecode.swift; path = ContentView.swift; sourceTree = "<group>"; };
		BB9CA0B72767315200733E1F /* Assets.xcassets */ = {isa = PBXFileReference; lastKnownFileType = folder.assetcatalog; path = Assets.xcassets; sourceTree = "<group>"; };
		BB9CA0BA2767315200733E1F /* Preview Assets.xcassets */ = {isa = PBXFileReference; lastKnownFileType = folder.assetcatalog; path = "Preview Assets.xcassets"; sourceTree = "<group>"; };
		BB9CA0C02767315200733E1F /* CameraDollyTests.xctest */ = {isa = PBXFileReference; explicitFileType = wrapper.cfbundle; includeInIndex = 0; path = CameraDollyTests.xctest; sourceTree = BUILT_PRODUCTS_DIR; };
		BB9CA0C42767315200733E1F /* CameraDollyTests.swift */ = {isa = PBXFileReference; lastKnownFileType = sourcecode.swift; path = CameraDollyTests.swift; sourceTree = "<group>"; };
		BB9CA0CA2767315200733E1F /* CameraDollyUITests.xctest */ = {isa = PBXFileReference; explicitFileType = wrapper.cfbundle; includeInIndex = 0; path = CameraDollyUITests.xctest; sourceTree = BUILT_PRODUCTS_DIR; };
		BB9CA0CE2767315200733E1F /* CameraDollyUITests.swift */ = {isa = PBXFileReference; lastKnownFileType = sourcecode.swift; path = CameraDollyUITests.swift; sourceTree = "<group>"; };
		BB9CA0D02767315200733E1F /* CameraDollyUITestsLaunchTests.swift */ = {isa = PBXFileReference; lastKnownFileType = sourcecode.swift; path = CameraDollyUITestsLaunchTests.swift; sourceTree = "<group>"; };
		BB9CA0DD276732A200733E1F /* MainView.swift */ = {isa = PBXFileReference; lastKnownFileType = sourcecode.swift; path = MainView.swift; sourceTree = "<group>"; };
		BB9CA0DF2767332900733E1F /* SettingsView.swift */ = {isa = PBXFileReference; lastKnownFileType = sourcecode.swift; path = SettingsView.swift; sourceTree = "<group>"; };
		BB9CA0E12767348400733E1F /* CameraView.swift */ = {isa = PBXFileReference; lastKnownFileType = sourcecode.swift; path = CameraView.swift; sourceTree = "<group>"; };
		BB9CA0E327674D7F00733E1F /* MessageBroker.swift */ = {isa = PBXFileReference; lastKnownFileType = sourcecode.swift; path = MessageBroker.swift; sourceTree = "<group>"; };
/* End PBXFileReference section */

/* Begin PBXFrameworksBuildPhase section */
		BB9CA0AD2767314F00733E1F /* Frameworks */ = {
			isa = PBXFrameworksBuildPhase;
			buildActionMask = 2147483647;
			files = (
				BB7D4271276750F100988A6C /* Pods_CameraDolly.framework in Frameworks */,
			);
			runOnlyForDeploymentPostprocessing = 0;
		};
		BB9CA0BD2767315200733E1F /* Frameworks */ = {
			isa = PBXFrameworksBuildPhase;
			buildActionMask = 2147483647;
			files = (
			);
			runOnlyForDeploymentPostprocessing = 0;
		};
		BB9CA0C72767315200733E1F /* Frameworks */ = {
			isa = PBXFrameworksBuildPhase;
			buildActionMask = 2147483647;
			files = (
			);
			runOnlyForDeploymentPostprocessing = 0;
		};
/* End PBXFrameworksBuildPhase section */

/* Begin PBXGroup section */
		3D0A830FD5427D57AC57380F /* Pods */ = {
			isa = PBXGroup;
			children = (
				12F122AC835C3E3D91570203 /* Pods-CameraDolly.debug.xcconfig */,
				709695FCB8ED569022AC4EB2 /* Pods-CameraDolly.release.xcconfig */,
			);
			path = Pods;
			sourceTree = "<group>";
		};
		970A5399A7484F9C174EE38C /* Frameworks */ = {
			isa = PBXGroup;
			children = (
				BB7D42652767500900988A6C /* Pods.xcodeproj */,
				92DFBD318A97EB5A544A13A7 /* Pods_CameraDolly.framework */,
			);
			name = Frameworks;
			sourceTree = "<group>";
		};
		BB7D42662767500900988A6C /* Products */ = {
			isa = PBXGroup;
			children = (
				BB7D426C2767500900988A6C /* CocoaAsyncSocket */,
				BB7D426E2767500900988A6C /* CocoaMQTT */,
				BB7D42702767500900988A6C /* Pods-CameraDolly */,
			);
			name = Products;
			sourceTree = "<group>";
		};
		BB9CA0A72767314F00733E1F = {
			isa = PBXGroup;
			children = (
				BB9CA0B22767315000733E1F /* CameraDolly */,
				BB9CA0C32767315200733E1F /* CameraDollyTests */,
				BB9CA0CD2767315200733E1F /* CameraDollyUITests */,
				BB9CA0B12767315000733E1F /* Products */,
				3D0A830FD5427D57AC57380F /* Pods */,
				970A5399A7484F9C174EE38C /* Frameworks */,
			);
			sourceTree = "<group>";
		};
		BB9CA0B12767315000733E1F /* Products */ = {
			isa = PBXGroup;
			children = (
				BB9CA0B02767315000733E1F /* CameraDolly.app */,
				BB9CA0C02767315200733E1F /* CameraDollyTests.xctest */,
				BB9CA0CA2767315200733E1F /* CameraDollyUITests.xctest */,
			);
			name = Products;
			sourceTree = "<group>";
		};
		BB9CA0B22767315000733E1F /* CameraDolly */ = {
			isa = PBXGroup;
			children = (
				BB9CA0B32767315000733E1F /* CameraDollyApp.swift */,
				BB9CA0B52767315000733E1F /* ContentView.swift */,
				BB9CA0B72767315200733E1F /* Assets.xcassets */,
				BB9CA0B92767315200733E1F /* Preview Content */,
				BB9CA0DD276732A200733E1F /* MainView.swift */,
				BB9CA0DF2767332900733E1F /* SettingsView.swift */,
				BB9CA0E12767348400733E1F /* CameraView.swift */,
				BB9CA0E327674D7F00733E1F /* MessageBroker.swift */,
			);
			path = CameraDolly;
			sourceTree = "<group>";
		};
		BB9CA0B92767315200733E1F /* Preview Content */ = {
			isa = PBXGroup;
			children = (
				BB9CA0BA2767315200733E1F /* Preview Assets.xcassets */,
			);
			path = "Preview Content";
			sourceTree = "<group>";
		};
		BB9CA0C32767315200733E1F /* CameraDollyTests */ = {
			isa = PBXGroup;
			children = (
				BB9CA0C42767315200733E1F /* CameraDollyTests.swift */,
			);
			path = CameraDollyTests;
			sourceTree = "<group>";
		};
		BB9CA0CD2767315200733E1F /* CameraDollyUITests */ = {
			isa = PBXGroup;
			children = (
				BB9CA0CE2767315200733E1F /* CameraDollyUITests.swift */,
				BB9CA0D02767315200733E1F /* CameraDollyUITestsLaunchTests.swift */,
			);
			path = CameraDollyUITests;
			sourceTree = "<group>";
		};
/* End PBXGroup section */

/* Begin PBXNativeTarget section */
		BB9CA0AF2767314F00733E1F /* CameraDolly */ = {
			isa = PBXNativeTarget;
			buildConfigurationList = BB9CA0D42767315200733E1F /* Build configuration list for PBXNativeTarget "CameraDolly" */;
			buildPhases = (
				2F95CAE21DC8FF24A6B67251 /* [CP] Check Pods Manifest.lock */,
				BB9CA0AC2767314F00733E1F /* Sources */,
				BB9CA0AD2767314F00733E1F /* Frameworks */,
				BB9CA0AE2767314F00733E1F /* Resources */,
				809DD6EBC50EA66D27BB40CC /* [CP] Embed Pods Frameworks */,
				BB7D4273276750F100988A6C /* Embed Frameworks */,
			);
			buildRules = (
			);
			dependencies = (
			);
			name = CameraDolly;
			productName = CameraDolly;
			productReference = BB9CA0B02767315000733E1F /* CameraDolly.app */;
			productType = "com.apple.product-type.application";
		};
		BB9CA0BF2767315200733E1F /* CameraDollyTests */ = {
			isa = PBXNativeTarget;
			buildConfigurationList = BB9CA0D72767315200733E1F /* Build configuration list for PBXNativeTarget "CameraDollyTests" */;
			buildPhases = (
				BB9CA0BC2767315200733E1F /* Sources */,
				BB9CA0BD2767315200733E1F /* Frameworks */,
				BB9CA0BE2767315200733E1F /* Resources */,
			);
			buildRules = (
			);
			dependencies = (
				BB9CA0C22767315200733E1F /* PBXTargetDependency */,
			);
			name = CameraDollyTests;
			productName = CameraDollyTests;
			productReference = BB9CA0C02767315200733E1F /* CameraDollyTests.xctest */;
			productType = "com.apple.product-type.bundle.unit-test";
		};
		BB9CA0C92767315200733E1F /* CameraDollyUITests */ = {
			isa = PBXNativeTarget;
			buildConfigurationList = BB9CA0DA2767315200733E1F /* Build configuration list for PBXNativeTarget "CameraDollyUITests" */;
			buildPhases = (
				BB9CA0C62767315200733E1F /* Sources */,
				BB9CA0C72767315200733E1F /* Frameworks */,
				BB9CA0C82767315200733E1F /* Resources */,
			);
			buildRules = (
			);
			dependencies = (
				BB9CA0CC2767315200733E1F /* PBXTargetDependency */,
			);
			name = CameraDollyUITests;
			productName = CameraDollyUITests;
			productReference = BB9CA0CA2767315200733E1F /* CameraDollyUITests.xctest */;
			productType = "com.apple.product-type.bundle.ui-testing";
		};
/* End PBXNativeTarget section */

/* Begin PBXProject section */
		BB9CA0A82767314F00733E1F /* Project object */ = {
			isa = PBXProject;
			attributes = {
				BuildIndependentTargetsInParallel = 1;
				LastSwiftUpdateCheck = 1310;
				LastUpgradeCheck = 1310;
				TargetAttributes = {
					BB9CA0AF2767314F00733E1F = {
						CreatedOnToolsVersion = 13.1;
					};
					BB9CA0BF2767315200733E1F = {
						CreatedOnToolsVersion = 13.1;
						TestTargetID = BB9CA0AF2767314F00733E1F;
					};
					BB9CA0C92767315200733E1F = {
						CreatedOnToolsVersion = 13.1;
						TestTargetID = BB9CA0AF2767314F00733E1F;
					};
				};
			};
			buildConfigurationList = BB9CA0AB2767314F00733E1F /* Build configuration list for PBXProject "CameraDolly" */;
			compatibilityVersion = "Xcode 13.0";
			developmentRegion = en;
			hasScannedForEncodings = 0;
			knownRegions = (
				en,
				Base,
			);
			mainGroup = BB9CA0A72767314F00733E1F;
			productRefGroup = BB9CA0B12767315000733E1F /* Products */;
			projectDirPath = "";
			projectReferences = (
				{
					ProductGroup = BB7D42662767500900988A6C /* Products */;
					ProjectRef = BB7D42652767500900988A6C /* Pods.xcodeproj */;
				},
			);
			projectRoot = "";
			targets = (
				BB9CA0AF2767314F00733E1F /* CameraDolly */,
				BB9CA0BF2767315200733E1F /* CameraDollyTests */,
				BB9CA0C92767315200733E1F /* CameraDollyUITests */,
			);
		};
/* End PBXProject section */

/* Begin PBXReferenceProxy section */
		BB7D426C2767500900988A6C /* CocoaAsyncSocket */ = {
			isa = PBXReferenceProxy;
			fileType = wrapper.framework;
			name = CocoaAsyncSocket;
			path = CocoaAsyncSocket.framework;
			remoteRef = BB7D426B2767500900988A6C /* PBXContainerItemProxy */;
			sourceTree = BUILT_PRODUCTS_DIR;
		};
		BB7D426E2767500900988A6C /* CocoaMQTT */ = {
			isa = PBXReferenceProxy;
			fileType = wrapper.framework;
			name = CocoaMQTT;
			path = CocoaMQTT.framework;
			remoteRef = BB7D426D2767500900988A6C /* PBXContainerItemProxy */;
			sourceTree = BUILT_PRODUCTS_DIR;
		};
		BB7D42702767500900988A6C /* Pods-CameraDolly */ = {
			isa = PBXReferenceProxy;
			fileType = wrapper.framework;
			name = "Pods-CameraDolly";
			path = Pods_CameraDolly.framework;
			remoteRef = BB7D426F2767500900988A6C /* PBXContainerItemProxy */;
			sourceTree = BUILT_PRODUCTS_DIR;
		};
/* End PBXReferenceProxy section */

/* Begin PBXResourcesBuildPhase section */
		BB9CA0AE2767314F00733E1F /* Resources */ = {
			isa = PBXResourcesBuildPhase;
			buildActionMask = 2147483647;
			files = (
				BB9CA0BB2767315200733E1F /* Preview Assets.xcassets in Resources */,
				BB9CA0B82767315200733E1F /* Assets.xcassets in Resources */,
			);
			runOnlyForDeploymentPostprocessing = 0;
		};
		BB9CA0BE2767315200733E1F /* Resources */ = {
			isa = PBXResourcesBuildPhase;
			buildActionMask = 2147483647;
			files = (
			);
			runOnlyForDeploymentPostprocessing = 0;
		};
		BB9CA0C82767315200733E1F /* Resources */ = {
			isa = PBXResourcesBuildPhase;
			buildActionMask = 2147483647;
			files = (
			);
			runOnlyForDeploymentPostprocessing = 0;
		};
/* End PBXResourcesBuildPhase section */

/* Begin PBXShellScriptBuildPhase section */
		2F95CAE21DC8FF24A6B67251 /* [CP] Check Pods Manifest.lock */ = {
			isa = PBXShellScriptBuildPhase;
			buildActionMask = 2147483647;
			files = (
			);
			inputFileListPaths = (
			);
			inputPaths = (
				"${PODS_PODFILE_DIR_PATH}/Podfile.lock",
				"${PODS_ROOT}/Manifest.lock",
			);
			name = "[CP] Check Pods Manifest.lock";
			outputFileListPaths = (
			);
			outputPaths = (
				"$(DERIVED_FILE_DIR)/Pods-CameraDolly-checkManifestLockResult.txt",
			);
			runOnlyForDeploymentPostprocessing = 0;
			shellPath = /bin/sh;
			shellScript = "diff \"${PODS_PODFILE_DIR_PATH}/Podfile.lock\" \"${PODS_ROOT}/Manifest.lock\" > /dev/null\nif [ $? != 0 ] ; then\n    # print error to STDERR\n    echo \"error: The sandbox is not in sync with the Podfile.lock. Run 'pod install' or update your CocoaPods installation.\" >&2\n    exit 1\nfi\n# This output is used by Xcode 'outputs' to avoid re-running this script phase.\necho \"SUCCESS\" > \"${SCRIPT_OUTPUT_FILE_0}\"\n";
			showEnvVarsInLog = 0;
		};
		809DD6EBC50EA66D27BB40CC /* [CP] Embed Pods Frameworks */ = {
			isa = PBXShellScriptBuildPhase;
			buildActionMask = 2147483647;
			files = (
			);
			inputFileListPaths = (
				"${PODS_ROOT}/Target Support Files/Pods-CameraDolly/Pods-CameraDolly-frameworks-${CONFIGURATION}-input-files.xcfilelist",
			);
			name = "[CP] Embed Pods Frameworks";
			outputFileListPaths = (
				"${PODS_ROOT}/Target Support Files/Pods-CameraDolly/Pods-CameraDolly-frameworks-${CONFIGURATION}-output-files.xcfilelist",
			);
			runOnlyForDeploymentPostprocessing = 0;
			shellPath = /bin/sh;
			shellScript = "\"${PODS_ROOT}/Target Support Files/Pods-CameraDolly/Pods-CameraDolly-frameworks.sh\"\n";
			showEnvVarsInLog = 0;
		};
/* End PBXShellScriptBuildPhase section */

/* Begin PBXSourcesBuildPhase section */
		BB9CA0AC2767314F00733E1F /* Sources */ = {
			isa = PBXSourcesBuildPhase;
			buildActionMask = 2147483647;
			files = (
				BB9CA0B62767315000733E1F /* ContentView.swift in Sources */,
				BB9CA0E02767332900733E1F /* SettingsView.swift in Sources */,
				BB9CA0DE276732A200733E1F /* MainView.swift in Sources */,
				BB9CA0E22767348400733E1F /* CameraView.swift in Sources */,
				BB9CA0E427674D7F00733E1F /* MessageBroker.swift in Sources */,
				BB9CA0B42767315000733E1F /* CameraDollyApp.swift in Sources */,
			);
			runOnlyForDeploymentPostprocessing = 0;
		};
		BB9CA0BC2767315200733E1F /* Sources */ = {
			isa = PBXSourcesBuildPhase;
			buildActionMask = 2147483647;
			files = (
				BB9CA0C52767315200733E1F /* CameraDollyTests.swift in Sources */,
			);
			runOnlyForDeploymentPostprocessing = 0;
		};
		BB9CA0C62767315200733E1F /* Sources */ = {
			isa = PBXSourcesBuildPhase;
			buildActionMask = 2147483647;
			files = (
				BB9CA0D12767315200733E1F /* CameraDollyUITestsLaunchTests.swift in Sources */,
				BB9CA0CF2767315200733E1F /* CameraDollyUITests.swift in Sources */,
			);
			runOnlyForDeploymentPostprocessing = 0;
		};
/* End PBXSourcesBuildPhase section */

/* Begin PBXTargetDependency section */
		BB9CA0C22767315200733E1F /* PBXTargetDependency */ = {
			isa = PBXTargetDependency;
			target = BB9CA0AF2767314F00733E1F /* CameraDolly */;
			targetProxy = BB9CA0C12767315200733E1F /* PBXContainerItemProxy */;
		};
		BB9CA0CC2767315200733E1F /* PBXTargetDependency */ = {
			isa = PBXTargetDependency;
			target = BB9CA0AF2767314F00733E1F /* CameraDolly */;
			targetProxy = BB9CA0CB2767315200733E1F /* PBXContainerItemProxy */;
		};
/* End PBXTargetDependency section */

/* Begin XCBuildConfiguration section */
		BB9CA0D22767315200733E1F /* Debug */ = {
			isa = XCBuildConfiguration;
			buildSettings = {
				ALWAYS_SEARCH_USER_PATHS = NO;
				CLANG_ANALYZER_NONNULL = YES;
				CLANG_ANALYZER_NUMBER_OBJECT_CONVERSION = YES_AGGRESSIVE;
				CLANG_CXX_LANGUAGE_STANDARD = "gnu++17";
				CLANG_CXX_LIBRARY = "libc++";
				CLANG_ENABLE_MODULES = YES;
				CLANG_ENABLE_OBJC_ARC = YES;
				CLANG_ENABLE_OBJC_WEAK = YES;
				CLANG_WARN_BLOCK_CAPTURE_AUTORELEASING = YES;
				CLANG_WARN_BOOL_CONVERSION = YES;
				CLANG_WARN_COMMA = YES;
				CLANG_WARN_CONSTANT_CONVERSION = YES;
				CLANG_WARN_DEPRECATED_OBJC_IMPLEMENTATIONS = YES;
				CLANG_WARN_DIRECT_OBJC_ISA_USAGE = YES_ERROR;
				CLANG_WARN_DOCUMENTATION_COMMENTS = YES;
				CLANG_WARN_EMPTY_BODY = YES;
				CLANG_WARN_ENUM_CONVERSION = YES;
				CLANG_WARN_INFINITE_RECURSION = YES;
				CLANG_WARN_INT_CONVERSION = YES;
				CLANG_WARN_NON_LITERAL_NULL_CONVERSION = YES;
				CLANG_WARN_OBJC_IMPLICIT_RETAIN_SELF = YES;
				CLANG_WARN_OBJC_LITERAL_CONVERSION = YES;
				CLANG_WARN_OBJC_ROOT_CLASS = YES_ERROR;
				CLANG_WARN_QUOTED_INCLUDE_IN_FRAMEWORK_HEADER = YES;
				CLANG_WARN_RANGE_LOOP_ANALYSIS = YES;
				CLANG_WARN_STRICT_PROTOTYPES = YES;
				CLANG_WARN_SUSPICIOUS_MOVE = YES;
				CLANG_WARN_UNGUARDED_AVAILABILITY = YES_AGGRESSIVE;
				CLANG_WARN_UNREACHABLE_CODE = YES;
				CLANG_WARN__DUPLICATE_METHOD_MATCH = YES;
				COPY_PHASE_STRIP = NO;
				DEBUG_INFORMATION_FORMAT = dwarf;
				ENABLE_STRICT_OBJC_MSGSEND = YES;
				ENABLE_TESTABILITY = YES;
				GCC_C_LANGUAGE_STANDARD = gnu11;
				GCC_DYNAMIC_NO_PIC = NO;
				GCC_NO_COMMON_BLOCKS = YES;
				GCC_OPTIMIZATION_LEVEL = 0;
				GCC_PREPROCESSOR_DEFINITIONS = (
					"DEBUG=1",
					"$(inherited)",
				);
				GCC_WARN_64_TO_32_BIT_CONVERSION = YES;
				GCC_WARN_ABOUT_RETURN_TYPE = YES_ERROR;
				GCC_WARN_UNDECLARED_SELECTOR = YES;
				GCC_WARN_UNINITIALIZED_AUTOS = YES_AGGRESSIVE;
				GCC_WARN_UNUSED_FUNCTION = YES;
				GCC_WARN_UNUSED_VARIABLE = YES;
				IPHONEOS_DEPLOYMENT_TARGET = 15.0;
				MTL_ENABLE_DEBUG_INFO = INCLUDE_SOURCE;
				MTL_FAST_MATH = YES;
				ONLY_ACTIVE_ARCH = YES;
				SDKROOT = iphoneos;
				SWIFT_ACTIVE_COMPILATION_CONDITIONS = DEBUG;
				SWIFT_OPTIMIZATION_LEVEL = "-Onone";
			};
			name = Debug;
		};
		BB9CA0D32767315200733E1F /* Release */ = {
			isa = XCBuildConfiguration;
			buildSettings = {
				ALWAYS_SEARCH_USER_PATHS = NO;
				CLANG_ANALYZER_NONNULL = YES;
				CLANG_ANALYZER_NUMBER_OBJECT_CONVERSION = YES_AGGRESSIVE;
				CLANG_CXX_LANGUAGE_STANDARD = "gnu++17";
				CLANG_CXX_LIBRARY = "libc++";
				CLANG_ENABLE_MODULES = YES;
				CLANG_ENABLE_OBJC_ARC = YES;
				CLANG_ENABLE_OBJC_WEAK = YES;
				CLANG_WARN_BLOCK_CAPTURE_AUTORELEASING = YES;
				CLANG_WARN_BOOL_CONVERSION = YES;
				CLANG_WARN_COMMA = YES;
				CLANG_WARN_CONSTANT_CONVERSION = YES;
				CLANG_WARN_DEPRECATED_OBJC_IMPLEMENTATIONS = YES;
				CLANG_WARN_DIRECT_OBJC_ISA_USAGE = YES_ERROR;
				CLANG_WARN_DOCUMENTATION_COMMENTS = YES;
				CLANG_WARN_EMPTY_BODY = YES;
				CLANG_WARN_ENUM_CONVERSION = YES;
				CLANG_WARN_INFINITE_RECURSION = YES;
				CLANG_WARN_INT_CONVERSION = YES;
				CLANG_WARN_NON_LITERAL_NULL_CONVERSION = YES;
				CLANG_WARN_OBJC_IMPLICIT_RETAIN_SELF = YES;
				CLANG_WARN_OBJC_LITERAL_CONVERSION = YES;
				CLANG_WARN_OBJC_ROOT_CLASS = YES_ERROR;
				CLANG_WARN_QUOTED_INCLUDE_IN_FRAMEWORK_HEADER = YES;
				CLANG_WARN_RANGE_LOOP_ANALYSIS = YES;
				CLANG_WARN_STRICT_PROTOTYPES = YES;
				CLANG_WARN_SUSPICIOUS_MOVE = YES;
				CLANG_WARN_UNGUARDED_AVAILABILITY = YES_AGGRESSIVE;
				CLANG_WARN_UNREACHABLE_CODE = YES;
				CLANG_WARN__DUPLICATE_METHOD_MATCH = YES;
				COPY_PHASE_STRIP = NO;
				DEBUG_INFORMATION_FORMAT = "dwarf-with-dsym";
				ENABLE_NS_ASSERTIONS = NO;
				ENABLE_STRICT_OBJC_MSGSEND = YES;
				GCC_C_LANGUAGE_STANDARD = gnu11;
				GCC_NO_COMMON_BLOCKS = YES;
				GCC_WARN_64_TO_32_BIT_CONVERSION = YES;
				GCC_WARN_ABOUT_RETURN_TYPE = YES_ERROR;
				GCC_WARN_UNDECLARED_SELECTOR = YES;
				GCC_WARN_UNINITIALIZED_AUTOS = YES_AGGRESSIVE;
				GCC_WARN_UNUSED_FUNCTION = YES;
				GCC_WARN_UNUSED_VARIABLE = YES;
				IPHONEOS_DEPLOYMENT_TARGET = 15.0;
				MTL_ENABLE_DEBUG_INFO = NO;
				MTL_FAST_MATH = YES;
				SDKROOT = iphoneos;
				SWIFT_COMPILATION_MODE = wholemodule;
				SWIFT_OPTIMIZATION_LEVEL = "-O";
				VALIDATE_PRODUCT = YES;
			};
			name = Release;
		};
		BB9CA0D52767315200733E1F /* Debug */ = {
			isa = XCBuildConfiguration;
			baseConfigurationReference = 12F122AC835C3E3D91570203 /* Pods-CameraDolly.debug.xcconfig */;
			buildSettings = {
				ASSETCATALOG_COMPILER_APPICON_NAME = AppIcon;
				ASSETCATALOG_COMPILER_GLOBAL_ACCENT_COLOR_NAME = AccentColor;
				CODE_SIGN_STYLE = Automatic;
				CURRENT_PROJECT_VERSION = 1;
				DEVELOPMENT_ASSET_PATHS = "\"CameraDolly/Preview Content\"";
				DEVELOPMENT_TEAM = R847S5ZX4B;
				ENABLE_PREVIEWS = YES;
				GENERATE_INFOPLIST_FILE = YES;
				INFOPLIST_KEY_UIApplicationSceneManifest_Generation = YES;
				INFOPLIST_KEY_UIApplicationSupportsIndirectInputEvents = YES;
				INFOPLIST_KEY_UILaunchScreen_Generation = YES;
				INFOPLIST_KEY_UISupportedInterfaceOrientations_iPad = "UIInterfaceOrientationPortrait UIInterfaceOrientationPortraitUpsideDown UIInterfaceOrientationLandscapeLeft UIInterfaceOrientationLandscapeRight";
				INFOPLIST_KEY_UISupportedInterfaceOrientations_iPhone = "UIInterfaceOrientationPortrait UIInterfaceOrientationLandscapeLeft UIInterfaceOrientationLandscapeRight";
				LD_RUNPATH_SEARCH_PATHS = (
					"$(inherited)",
					"@executable_path/Frameworks",
				);
				MARKETING_VERSION = 1.0;
				PRODUCT_BUNDLE_IDENTIFIER = hifisoftware.CameraDolly;
				PRODUCT_NAME = "$(TARGET_NAME)";
				SWIFT_EMIT_LOC_STRINGS = YES;
				SWIFT_VERSION = 5.0;
				TARGETED_DEVICE_FAMILY = "1,2";
			};
			name = Debug;
		};
		BB9CA0D62767315200733E1F /* Release */ = {
			isa = XCBuildConfiguration;
			baseConfigurationReference = 709695FCB8ED569022AC4EB2 /* Pods-CameraDolly.release.xcconfig */;
			buildSettings = {
				ASSETCATALOG_COMPILER_APPICON_NAME = AppIcon;
				ASSETCATALOG_COMPILER_GLOBAL_ACCENT_COLOR_NAME = AccentColor;
				CODE_SIGN_STYLE = Automatic;
				CURRENT_PROJECT_VERSION = 1;
				DEVELOPMENT_ASSET_PATHS = "\"CameraDolly/Preview Content\"";
				DEVELOPMENT_TEAM = R847S5ZX4B;
				ENABLE_PREVIEWS = YES;
				GENERATE_INFOPLIST_FILE = YES;
				INFOPLIST_KEY_UIApplicationSceneManifest_Generation = YES;
				INFOPLIST_KEY_UIApplicationSupportsIndirectInputEvents = YES;
				INFOPLIST_KEY_UILaunchScreen_Generation = YES;
				INFOPLIST_KEY_UISupportedInterfaceOrientations_iPad = "UIInterfaceOrientationPortrait UIInterfaceOrientationPortraitUpsideDown UIInterfaceOrientationLandscapeLeft UIInterfaceOrientationLandscapeRight";
				INFOPLIST_KEY_UISupportedInterfaceOrientations_iPhone = "UIInterfaceOrientationPortrait UIInterfaceOrientationLandscapeLeft UIInterfaceOrientationLandscapeRight";
				LD_RUNPATH_SEARCH_PATHS = (
					"$(inherited)",
					"@executable_path/Frameworks",
				);
				MARKETING_VERSION = 1.0;
				PRODUCT_BUNDLE_IDENTIFIER = hifisoftware.CameraDolly;
				PRODUCT_NAME = "$(TARGET_NAME)";
				SWIFT_EMIT_LOC_STRINGS = YES;
				SWIFT_VERSION = 5.0;
				TARGETED_DEVICE_FAMILY = "1,2";
			};
			name = Release;
		};
		BB9CA0D82767315200733E1F /* Debug */ = {
			isa = XCBuildConfiguration;
			buildSettings = {
				ALWAYS_EMBED_SWIFT_STANDARD_LIBRARIES = YES;
				BUNDLE_LOADER = "$(TEST_HOST)";
				CODE_SIGN_STYLE = Automatic;
				CURRENT_PROJECT_VERSION = 1;
				DEVELOPMENT_TEAM = R847S5ZX4B;
				GENERATE_INFOPLIST_FILE = YES;
				IPHONEOS_DEPLOYMENT_TARGET = 15.0;
				LD_RUNPATH_SEARCH_PATHS = (
					"$(inherited)",
					"@executable_path/Frameworks",
					"@loader_path/Frameworks",
				);
				MARKETING_VERSION = 1.0;
				PRODUCT_BUNDLE_IDENTIFIER = hifisoftware.CameraDollyTests;
				PRODUCT_NAME = "$(TARGET_NAME)";
				SWIFT_EMIT_LOC_STRINGS = NO;
				SWIFT_VERSION = 5.0;
				TARGETED_DEVICE_FAMILY = "1,2";
				TEST_HOST = "$(BUILT_PRODUCTS_DIR)/CameraDolly.app/CameraDolly";
			};
			name = Debug;
		};
		BB9CA0D92767315200733E1F /* Release */ = {
			isa = XCBuildConfiguration;
			buildSettings = {
				ALWAYS_EMBED_SWIFT_STANDARD_LIBRARIES = YES;
				BUNDLE_LOADER = "$(TEST_HOST)";
				CODE_SIGN_STYLE = Automatic;
				CURRENT_PROJECT_VERSION = 1;
				DEVELOPMENT_TEAM = R847S5ZX4B;
				GENERATE_INFOPLIST_FILE = YES;
				IPHONEOS_DEPLOYMENT_TARGET = 15.0;
				LD_RUNPATH_SEARCH_PATHS = (
					"$(inherited)",
					"@executable_path/Frameworks",
					"@loader_path/Frameworks",
				);
				MARKETING_VERSION = 1.0;
				PRODUCT_BUNDLE_IDENTIFIER = hifisoftware.CameraDollyTests;
				PRODUCT_NAME = "$(TARGET_NAME)";
				SWIFT_EMIT_LOC_STRINGS = NO;
				SWIFT_VERSION = 5.0;
				TARGETED_DEVICE_FAMILY = "1,2";
				TEST_HOST = "$(BUILT_PRODUCTS_DIR)/CameraDolly.app/CameraDolly";
			};
			name = Release;
		};
		BB9CA0DB2767315200733E1F /* Debug */ = {
			isa = XCBuildConfiguration;
			buildSettings = {
				ALWAYS_EMBED_SWIFT_STANDARD_LIBRARIES = YES;
				CODE_SIGN_STYLE = Automatic;
				CURRENT_PROJECT_VERSION = 1;
				DEVELOPMENT_TEAM = R847S5ZX4B;
				GENERATE_INFOPLIST_FILE = YES;
				LD_RUNPATH_SEARCH_PATHS = (
					"$(inherited)",
					"@executable_path/Frameworks",
					"@loader_path/Frameworks",
				);
				MARKETING_VERSION = 1.0;
				PRODUCT_BUNDLE_IDENTIFIER = hifisoftware.CameraDollyUITests;
				PRODUCT_NAME = "$(TARGET_NAME)";
				SWIFT_EMIT_LOC_STRINGS = NO;
				SWIFT_VERSION = 5.0;
				TARGETED_DEVICE_FAMILY = "1,2";
				TEST_TARGET_NAME = CameraDolly;
			};
			name = Debug;
		};
		BB9CA0DC2767315200733E1F /* Release */ = {
			isa = XCBuildConfiguration;
			buildSettings = {
				ALWAYS_EMBED_SWIFT_STANDARD_LIBRARIES = YES;
				CODE_SIGN_STYLE = Automatic;
				CURRENT_PROJECT_VERSION = 1;
				DEVELOPMENT_TEAM = R847S5ZX4B;
				GENERATE_INFOPLIST_FILE = YES;
				LD_RUNPATH_SEARCH_PATHS = (
					"$(inherited)",
					"@executable_path/Frameworks",
					"@loader_path/Frameworks",
				);
				MARKETING_VERSION = 1.0;
				PRODUCT_BUNDLE_IDENTIFIER = hifisoftware.CameraDollyUITests;
				PRODUCT_NAME = "$(TARGET_NAME)";
				SWIFT_EMIT_LOC_STRINGS = NO;
				SWIFT_VERSION = 5.0;
				TARGETED_DEVICE_FAMILY = "1,2";
				TEST_TARGET_NAME = CameraDolly;
			};
			name = Release;
		};
/* End XCBuildConfiguration section */

/* Begin XCConfigurationList section */
		BB9CA0AB2767314F00733E1F /* Build configuration list for PBXProject "CameraDolly" */ = {
			isa = XCConfigurationList;
			buildConfigurations = (
				BB9CA0D22767315200733E1F /* Debug */,
				BB9CA0D32767315200733E1F /* Release */,
			);
			defaultConfigurationIsVisible = 0;
			defaultConfigurationName = Release;
		};
		BB9CA0D42767315200733E1F /* Build configuration list for PBXNativeTarget "CameraDolly" */ = {
			isa = XCConfigurationList;
			buildConfigurations = (
				BB9CA0D52767315200733E1F /* Debug */,
				BB9CA0D62767315200733E1F /* Release */,
			);
			defaultConfigurationIsVisible = 0;
			defaultConfigurationName = Release;
		};
		BB9CA0D72767315200733E1F /* Build configuration list for PBXNativeTarget "CameraDollyTests" */ = {
			isa = XCConfigurationList;
			buildConfigurations = (
				BB9CA0D82767315200733E1F /* Debug */,
				BB9CA0D92767315200733E1F /* Release */,
			);
			defaultConfigurationIsVisible = 0;
			defaultConfigurationName = Release;
		};
		BB9CA0DA2767315200733E1F /* Build configuration list for PBXNativeTarget "CameraDollyUITests" */ = {
			isa = XCConfigurationList;
			buildConfigurations = (
				BB9CA0DB2767315200733E1F /* Debug */,
				BB9CA0DC2767315200733E1F /* Release */,
			);
			defaultConfigurationIsVisible = 0;
			defaultConfigurationName = Release;
		};
/* End XCConfigurationList section */
	};
	rootObject = BB9CA0A82767314F00733E1F /* Project object */;
}
